
Microsoft Visual Studio Solution File, Format Version 12.00
# Visual Studio Version 17
VisualStudioVersion = 17.12.35506.116
MinimumVisualStudioVersion = 10.0.40219.1
Project("{FAE04EC0-301F-11D3-BF4B-00C04F79EFBC}") = "Chezzz", "Chezzz.csproj", "{E96EC0FE-A0A9-46B6-B5E7-841E8016C07A}"
EndProject
Project("{2150E333-8FDC-42A3-9474-1A3956D46DE8}") = "Solution Items", "Solution Items", "{7B56D3A1-416D-4E12-91C0-3E92A6D2ECD5}"
	ProjectSection(SolutionItems) = preProject
		EndGameInfo.cs = EndGameInfo.cs
		FiftyMoveRule.cs = FiftyMoveRule.cs
		InsufficientMaterialRule.cs = InsufficientMaterialRule.cs
		RepetitionRule.cs = RepetitionRule.cs
	EndProjectSection
EndProject
Global
	GlobalSection(SolutionConfigurationPlatforms) = preSolution
		Debug|Any CPU = Debug|Any CPU
		Release|Any CPU = Release|Any CPU
	EndGlobalSection
	GlobalSection(ProjectConfigurationPlatforms) = postSolution
		{E96EC0FE-A0A9-46B6-B5E7-841E8016C07A}.Debug|Any CPU.ActiveCfg = Debug|Any CPU
		{E96EC0FE-A0A9-46B6-B5E7-841E8016C07A}.Debug|Any CPU.Build.0 = Debug|Any CPU
		{E96EC0FE-A0A9-46B6-B5E7-841E8016C07A}.Release|Any CPU.ActiveCfg = Release|Any CPU
		{E96EC0FE-A0A9-46B6-B5E7-841E8016C07A}.Release|Any CPU.Build.0 = Release|Any CPU
	EndGlobalSection
	GlobalSection(SolutionProperties) = preSolution
		HideSolutionNode = FALSE
	EndGlobalSection
EndGlobal
